
Microsoft Visual Studio Solution File, Format Version 12.00
# Visual Studio Version 17
VisualStudioVersion = 17.0.31903.59
MinimumVisualStudioVersion = 10.0.40219.1
Project("{FAE04EC0-301F-11D3-BF4B-00C04F79EFBC}") = "AriksFinanceTracker.Api", "AriksFinanceTracker.Api\AriksFinanceTracker.Api.csproj", "{5E49031D-5E15-4DA9-AD2D-ED235344631D}"
EndProject
Global
	GlobalSection(SolutionConfigurationPlatforms) = preSolution
		Debug|Any CPU = Debug|Any CPU
		Release|Any CPU = Release|Any CPU
	EndGlobalSection
	GlobalSection(SolutionProperties) = preSolution
		HideSolutionNode = FALSE
	EndGlobalSection
	GlobalSection(ProjectConfigurationPlatforms) = postSolution
		{5E49031D-5E15-4DA9-AD2D-ED235344631D}.Debug|Any CPU.ActiveCfg = Debug|Any CPU
		{5E49031D-5E15-4DA9-AD2D-ED235344631D}.Debug|Any CPU.Build.0 = Debug|Any CPU
		{5E49031D-5E15-4DA9-AD2D-ED235344631D}.Release|Any CPU.ActiveCfg = Release|Any CPU
		{5E49031D-5E15-4DA9-AD2D-ED235344631D}.Release|Any CPU.Build.0 = Release|Any CPU
	EndGlobalSection
EndGlobal
